
Microsoft Visual Studio Solution File, Format Version 12.00
# Visual Studio Version 16
VisualStudioVersion = 16.0.31321.278
MinimumVisualStudioVersion = 10.0.40219.1
Project("{FAE04EC0-301F-11D3-BF4B-00C04F79EFBC}") = "UchebnayaPraktika", "UchebnayaPraktika\UchebnayaPraktika.csproj", "{53764A48-748A-41C7-A17E-79B74234B56F}"
EndProject
Global
	GlobalSection(SolutionConfigurationPlatforms) = preSolution
		Debug|Any CPU = Debug|Any CPU
		Release|Any CPU = Release|Any CPU
	EndGlobalSection
	GlobalSection(ProjectConfigurationPlatforms) = postSolution
		{53764A48-748A-41C7-A17E-79B74234B56F}.Debug|Any CPU.ActiveCfg = Debug|Any CPU
		{53764A48-748A-41C7-A17E-79B74234B56F}.Debug|Any CPU.Build.0 = Debug|Any CPU
		{53764A48-748A-41C7-A17E-79B74234B56F}.Release|Any CPU.ActiveCfg = Release|Any CPU
		{53764A48-748A-41C7-A17E-79B74234B56F}.Release|Any CPU.Build.0 = Release|Any CPU
	EndGlobalSection
	GlobalSection(SolutionProperties) = preSolution
		HideSolutionNode = FALSE
	EndGlobalSection
	GlobalSection(ExtensibilityGlobals) = postSolution
		SolutionGuid = {F7887979-0EF8-4C50-B1FC-1CF4205A93F7}
	EndGlobalSection
EndGlobal
